
Microsoft Visual Studio Solution File, Format Version 11.00
# Visual Studio 2010
Project("{FAE04EC0-301F-11D3-BF4B-00C04F79EFBC}") = "Banking.Web", "Banking.Web\Banking.Web.csproj", "{C5CAC3A2-3534-4C07-A9EC-A234164F3081}"
EndProject
Project("{FAE04EC0-301F-11D3-BF4B-00C04F79EFBC}") = "Banking.Domain", "Banking.Domain\Banking.Domain.csproj", "{C1B3FA72-F879-4FB5-A80C-7FB310A8505D}"
EndProject
Project("{FAE04EC0-301F-11D3-BF4B-00C04F79EFBC}") = "Banking.EFData", "Banking.EFData\Banking.EFData.csproj", "{FC7D4E18-EE68-4B44-8E5A-8DEAEB40E5BB}"
EndProject
Global
	GlobalSection(SubversionScc) = preSolution
		Svn-Managed = True
		Manager = AnkhSVN - Subversion Support for Visual Studio
	EndGlobalSection
	GlobalSection(SolutionConfigurationPlatforms) = preSolution
		Debug|Any CPU = Debug|Any CPU
		Debug|Mixed Platforms = Debug|Mixed Platforms
		Debug|x86 = Debug|x86
		Release|Any CPU = Release|Any CPU
		Release|Mixed Platforms = Release|Mixed Platforms
		Release|x86 = Release|x86
	EndGlobalSection
	GlobalSection(ProjectConfigurationPlatforms) = postSolution
		{C5CAC3A2-3534-4C07-A9EC-A234164F3081}.Debug|Any CPU.ActiveCfg = Debug|Any CPU
		{C5CAC3A2-3534-4C07-A9EC-A234164F3081}.Debug|Any CPU.Build.0 = Debug|Any CPU
		{C5CAC3A2-3534-4C07-A9EC-A234164F3081}.Debug|Mixed Platforms.ActiveCfg = Debug|Any CPU
		{C5CAC3A2-3534-4C07-A9EC-A234164F3081}.Debug|Mixed Platforms.Build.0 = Debug|Any CPU
		{C5CAC3A2-3534-4C07-A9EC-A234164F3081}.Debug|x86.ActiveCfg = Debug|Any CPU
		{C5CAC3A2-3534-4C07-A9EC-A234164F3081}.Release|Any CPU.ActiveCfg = Release|Any CPU
		{C5CAC3A2-3534-4C07-A9EC-A234164F3081}.Release|Any CPU.Build.0 = Release|Any CPU
		{C5CAC3A2-3534-4C07-A9EC-A234164F3081}.Release|Mixed Platforms.ActiveCfg = Release|Any CPU
		{C5CAC3A2-3534-4C07-A9EC-A234164F3081}.Release|Mixed Platforms.Build.0 = Release|Any CPU
		{C5CAC3A2-3534-4C07-A9EC-A234164F3081}.Release|x86.ActiveCfg = Release|Any CPU
		{C1B3FA72-F879-4FB5-A80C-7FB310A8505D}.Debug|Any CPU.ActiveCfg = Debug|Any CPU
		{C1B3FA72-F879-4FB5-A80C-7FB310A8505D}.Debug|Any CPU.Build.0 = Debug|Any CPU
		{C1B3FA72-F879-4FB5-A80C-7FB310A8505D}.Debug|Mixed Platforms.ActiveCfg = Debug|Any CPU
		{C1B3FA72-F879-4FB5-A80C-7FB310A8505D}.Debug|Mixed Platforms.Build.0 = Debug|Any CPU
		{C1B3FA72-F879-4FB5-A80C-7FB310A8505D}.Debug|x86.ActiveCfg = Debug|Any CPU
		{C1B3FA72-F879-4FB5-A80C-7FB310A8505D}.Release|Any CPU.ActiveCfg = Release|Any CPU
		{C1B3FA72-F879-4FB5-A80C-7FB310A8505D}.Release|Any CPU.Build.0 = Release|Any CPU
		{C1B3FA72-F879-4FB5-A80C-7FB310A8505D}.Release|Mixed Platforms.ActiveCfg = Release|Any CPU
		{C1B3FA72-F879-4FB5-A80C-7FB310A8505D}.Release|Mixed Platforms.Build.0 = Release|Any CPU
		{C1B3FA72-F879-4FB5-A80C-7FB310A8505D}.Release|x86.ActiveCfg = Release|Any CPU
		{FC7D4E18-EE68-4B44-8E5A-8DEAEB40E5BB}.Debug|Any CPU.ActiveCfg = Debug|Any CPU
		{FC7D4E18-EE68-4B44-8E5A-8DEAEB40E5BB}.Debug|Any CPU.Build.0 = Debug|Any CPU
		{FC7D4E18-EE68-4B44-8E5A-8DEAEB40E5BB}.Debug|Mixed Platforms.ActiveCfg = Debug|Any CPU
		{FC7D4E18-EE68-4B44-8E5A-8DEAEB40E5BB}.Debug|Mixed Platforms.Build.0 = Debug|Any CPU
		{FC7D4E18-EE68-4B44-8E5A-8DEAEB40E5BB}.Debug|x86.ActiveCfg = Debug|Any CPU
		{FC7D4E18-EE68-4B44-8E5A-8DEAEB40E5BB}.Release|Any CPU.ActiveCfg = Release|Any CPU
		{FC7D4E18-EE68-4B44-8E5A-8DEAEB40E5BB}.Release|Any CPU.Build.0 = Release|Any CPU
		{FC7D4E18-EE68-4B44-8E5A-8DEAEB40E5BB}.Release|Mixed Platforms.ActiveCfg = Release|Any CPU
		{FC7D4E18-EE68-4B44-8E5A-8DEAEB40E5BB}.Release|Mixed Platforms.Build.0 = Release|Any CPU
		{FC7D4E18-EE68-4B44-8E5A-8DEAEB40E5BB}.Release|x86.ActiveCfg = Release|Any CPU
	EndGlobalSection
	GlobalSection(SolutionProperties) = preSolution
		HideSolutionNode = FALSE
	EndGlobalSection
EndGlobal
